
Microsoft Visual Studio Solution File, Format Version 12.00
# Visual Studio Version 16
VisualStudioVersion = 16.0.32002.261
MinimumVisualStudioVersion = 10.0.40219.1
Project("{FAE04EC0-301F-11D3-BF4B-00C04F79EFBC}") = "AppiumSummatorTests_POM", "AppiumSummatorTests_POM\AppiumSummatorTests_POM.csproj", "{87DC2E78-5705-4783-9E6B-2E50500B2CEC}"
EndProject
Global
	GlobalSection(SolutionConfigurationPlatforms) = preSolution
		Debug|Any CPU = Debug|Any CPU
		Release|Any CPU = Release|Any CPU
	EndGlobalSection
	GlobalSection(ProjectConfigurationPlatforms) = postSolution
		{87DC2E78-5705-4783-9E6B-2E50500B2CEC}.Debug|Any CPU.ActiveCfg = Debug|Any CPU
		{87DC2E78-5705-4783-9E6B-2E50500B2CEC}.Debug|Any CPU.Build.0 = Debug|Any CPU
		{87DC2E78-5705-4783-9E6B-2E50500B2CEC}.Release|Any CPU.ActiveCfg = Release|Any CPU
		{87DC2E78-5705-4783-9E6B-2E50500B2CEC}.Release|Any CPU.Build.0 = Release|Any CPU
	EndGlobalSection
	GlobalSection(SolutionProperties) = preSolution
		HideSolutionNode = FALSE
	EndGlobalSection
	GlobalSection(ExtensibilityGlobals) = postSolution
		SolutionGuid = {A0C4CF74-694D-445B-9298-FAFA1C32F256}
	EndGlobalSection
EndGlobal
